<?xml version="1.0" encoding="UTF-8" standalone="yes" ?>
<CodeBlocks_project_file>
   <FileVersion major="1" minor="6" />
   <Project>
      <Option title="czt_test" />
      <Option makefile_is_custom="1" />
      <Option compiler="gcc" />
      <Option virtualFolders="CMake Files\;CMake Files\DavisDestin\;CMake Files\..\;CMake Files\..\..\;CMake Files\..\..\..\;CMake Files\..\..\..\..\;CMake Files\..\..\..\..\opt\;CMake Files\..\..\..\..\opt\ros\;CMake Files\..\..\..\..\opt\ros\groovy\;CMake Files\..\..\..\..\opt\ros\groovy\share\;CMake Files\..\..\..\..\opt\ros\groovy\share\OpenCV\;CMake Files\TreeMining\;CMake Files\TreeMining\CMOrderedTreeMiner\;CMake Files\Common\;CMake Files\Bindings\;CMake Files\Bindings\Java\;CMake Files\Bindings\Python\;CMake Files\Misc\;CMake Files\SOM\;CMake Files\czt_test\;" />
      <Build>
      <Target title="all">
         <Option working_dir="/home/teaera/destin_ted_temp/Destin/czt_test" />
         <Option type="4" />
         <MakeCommands>
            <Build command="/usr/bin/make -f &quot;/home/teaera/destin_ted_temp/Destin/czt_test/Makefile&quot;  VERBOSE=1 all" />
            <CompileFile command="/usr/bin/make -f &quot;/home/teaera/destin_ted_temp/Destin/czt_test/Makefile&quot;  VERBOSE=1 &quot;$file&quot;" />
            <Clean command="/usr/bin/make -f &quot;/home/teaera/destin_ted_temp/Destin/czt_test/Makefile&quot;  VERBOSE=1 clean" />
            <DistClean command="/usr/bin/make -f &quot;/home/teaera/destin_ted_temp/Destin/czt_test/Makefile&quot;  VERBOSE=1 clean" />
         </MakeCommands>
      </Target>
      <Target title="test1">
         <Option output="/home/teaera/destin_ted_temp/Destin/czt_test/test1" prefix_auto="0" extension_auto="0" />
         <Option working_dir="/home/teaera/destin_ted_temp/Destin/czt_test" />
         <Option object_output="./" />
         <Option type="1" />
         <Option compiler="gcc" />
         <Compiler>
            <Add directory="/home/teaera/destin_ted_temp/Destin/czt_test/../Common" />
            <Add directory="/home/teaera/destin_ted_temp/Destin/czt_test/../DavisDestin/include" />
            <Add directory="/home/teaera/destin_ted_temp/Destin/czt_test/include" />
         </Compiler>
         <MakeCommands>
            <Build command="/usr/bin/make -f &quot;/home/teaera/destin_ted_temp/Destin/czt_test/Makefile&quot;  VERBOSE=1 test1" />
            <CompileFile command="/usr/bin/make -f &quot;/home/teaera/destin_ted_temp/Destin/czt_test/Makefile&quot;  VERBOSE=1 &quot;$file&quot;" />
            <Clean command="/usr/bin/make -f &quot;/home/teaera/destin_ted_temp/Destin/czt_test/Makefile&quot;  VERBOSE=1 clean" />
            <DistClean command="/usr/bin/make -f &quot;/home/teaera/destin_ted_temp/Destin/czt_test/Makefile&quot;  VERBOSE=1 clean" />
         </MakeCommands>
      </Target>
      <Target title="test1/fast">
         <Option output="/home/teaera/destin_ted_temp/Destin/czt_test/test1" prefix_auto="0" extension_auto="0" />
         <Option working_dir="/home/teaera/destin_ted_temp/Destin/czt_test" />
         <Option object_output="./" />
         <Option type="1" />
         <Option compiler="gcc" />
         <Compiler>
            <Add directory="/home/teaera/destin_ted_temp/Destin/czt_test/../Common" />
            <Add directory="/home/teaera/destin_ted_temp/Destin/czt_test/../DavisDestin/include" />
            <Add directory="/home/teaera/destin_ted_temp/Destin/czt_test/include" />
         </Compiler>
         <MakeCommands>
            <Build command="/usr/bin/make -f &quot;/home/teaera/destin_ted_temp/Destin/czt_test/Makefile&quot;  VERBOSE=1 test1/fast" />
            <CompileFile command="/usr/bin/make -f &quot;/home/teaera/destin_ted_temp/Destin/czt_test/Makefile&quot;  VERBOSE=1 &quot;$file&quot;" />
            <Clean command="/usr/bin/make -f &quot;/home/teaera/destin_ted_temp/Destin/czt_test/Makefile&quot;  VERBOSE=1 clean" />
            <DistClean command="/usr/bin/make -f &quot;/home/teaera/destin_ted_temp/Destin/czt_test/Makefile&quot;  VERBOSE=1 clean" />
         </MakeCommands>
      </Target>
      </Build>
      <Unit filename="/home/teaera/destin_ted_temp/Destin/czt_test/src/test1.cpp">
      </Unit>
      <Unit filename="/home/teaera/destin_ted_temp/Destin/CMakeLists.txt">
          <Option virtualFolder="CMake Files\" />
      </Unit>
      <Unit filename="/home/teaera/destin_ted_temp/Destin/DavisDestin/CMakeLists.txt">
          <Option virtualFolder="CMake Files\DavisDestin\" />
      </Unit>
      <Unit filename="/home/teaera/destin_ted_temp/Destin/DavisDestin/CMakeLists.txt">
          <Option virtualFolder="CMake Files\DavisDestin\" />
      </Unit>
      <Unit filename="/home/teaera/destin_ted_temp/Destin/../../../../opt/ros/groovy/share/OpenCV/OpenCVConfig-version.cmake">
          <Option virtualFolder="CMake Files\..\..\..\..\opt\ros\groovy\share\OpenCV\" />
      </Unit>
      <Unit filename="/home/teaera/destin_ted_temp/Destin/../../../../opt/ros/groovy/share/OpenCV/OpenCVConfig.cmake">
          <Option virtualFolder="CMake Files\..\..\..\..\opt\ros\groovy\share\OpenCV\" />
      </Unit>
      <Unit filename="/home/teaera/destin_ted_temp/Destin/../../../../opt/ros/groovy/share/OpenCV/OpenCVConfig-version.cmake">
          <Option virtualFolder="CMake Files\..\..\..\..\opt\ros\groovy\share\OpenCV\" />
      </Unit>
      <Unit filename="/home/teaera/destin_ted_temp/Destin/../../../../opt/ros/groovy/share/OpenCV/OpenCVConfig.cmake">
          <Option virtualFolder="CMake Files\..\..\..\..\opt\ros\groovy\share\OpenCV\" />
      </Unit>
      <Unit filename="/home/teaera/destin_ted_temp/Destin/../../../../opt/ros/groovy/share/OpenCV/OpenCVConfig-version.cmake">
          <Option virtualFolder="CMake Files\..\..\..\..\opt\ros\groovy\share\OpenCV\" />
      </Unit>
      <Unit filename="/home/teaera/destin_ted_temp/Destin/../../../../opt/ros/groovy/share/OpenCV/OpenCVConfig.cmake">
          <Option virtualFolder="CMake Files\..\..\..\..\opt\ros\groovy\share\OpenCV\" />
      </Unit>
      <Unit filename="/home/teaera/destin_ted_temp/Destin/../../../../opt/ros/groovy/share/OpenCV/OpenCVConfig-version.cmake">
          <Option virtualFolder="CMake Files\..\..\..\..\opt\ros\groovy\share\OpenCV\" />
      </Unit>
      <Unit filename="/home/teaera/destin_ted_temp/Destin/../../../../opt/ros/groovy/share/OpenCV/OpenCVConfig.cmake">
          <Option virtualFolder="CMake Files\..\..\..\..\opt\ros\groovy\share\OpenCV\" />
      </Unit>
      <Unit filename="/home/teaera/destin_ted_temp/Destin/../../../../opt/ros/groovy/share/OpenCV/OpenCVConfig-version.cmake">
          <Option virtualFolder="CMake Files\..\..\..\..\opt\ros\groovy\share\OpenCV\" />
      </Unit>
      <Unit filename="/home/teaera/destin_ted_temp/Destin/../../../../opt/ros/groovy/share/OpenCV/OpenCVConfig.cmake">
          <Option virtualFolder="CMake Files\..\..\..\..\opt\ros\groovy\share\OpenCV\" />
      </Unit>
      <Unit filename="/home/teaera/destin_ted_temp/Destin/../../../../opt/ros/groovy/share/OpenCV/OpenCVConfig-version.cmake">
          <Option virtualFolder="CMake Files\..\..\..\..\opt\ros\groovy\share\OpenCV\" />
      </Unit>
      <Unit filename="/home/teaera/destin_ted_temp/Destin/../../../../opt/ros/groovy/share/OpenCV/OpenCVConfig.cmake">
          <Option virtualFolder="CMake Files\..\..\..\..\opt\ros\groovy\share\OpenCV\" />
      </Unit>
      <Unit filename="/home/teaera/destin_ted_temp/Destin/TreeMining/CMakeLists.txt">
          <Option virtualFolder="CMake Files\TreeMining\" />
      </Unit>
      <Unit filename="/home/teaera/destin_ted_temp/Destin/TreeMining/CMOrderedTreeMiner/CMakeLists.txt">
          <Option virtualFolder="CMake Files\TreeMining\CMOrderedTreeMiner\" />
      </Unit>
      <Unit filename="/home/teaera/destin_ted_temp/Destin/Common/CMakeLists.txt">
          <Option virtualFolder="CMake Files\Common\" />
      </Unit>
      <Unit filename="/home/teaera/destin_ted_temp/Destin/Bindings/CMakeLists.txt">
          <Option virtualFolder="CMake Files\Bindings\" />
      </Unit>
      <Unit filename="/home/teaera/destin_ted_temp/Destin/Bindings/Java/CMakeLists.txt">
          <Option virtualFolder="CMake Files\Bindings\Java\" />
      </Unit>
      <Unit filename="/home/teaera/destin_ted_temp/Destin/Bindings/Python/CMakeLists.txt">
          <Option virtualFolder="CMake Files\Bindings\Python\" />
      </Unit>
      <Unit filename="/home/teaera/destin_ted_temp/Destin/Misc/CMakeLists.txt">
          <Option virtualFolder="CMake Files\Misc\" />
      </Unit>
      <Unit filename="/home/teaera/destin_ted_temp/Destin/SOM/CMakeLists.txt">
          <Option virtualFolder="CMake Files\SOM\" />
      </Unit>
      <Unit filename="/home/teaera/destin_ted_temp/Destin/SOM/CMakeLists.txt">
          <Option virtualFolder="CMake Files\SOM\" />
      </Unit>
      <Unit filename="/home/teaera/destin_ted_temp/Destin/czt_test/CMakeLists.txt">
          <Option virtualFolder="CMake Files\czt_test\" />
      </Unit>
      <Unit filename="/home/teaera/destin_ted_temp/Destin/czt_test/CMakeLists.txt">
          <Option virtualFolder="CMake Files\czt_test\" />
      </Unit>
   </Project>
</CodeBlocks_project_file>
